{
  "name": "vrb",
  "version": "1.0.2",
  "lockfileVersion": 1,
  "requires": true,
  "dependencies": {
    "three-full": {
      "version": "6.0.0",
      "resolved": "https://registry.npmjs.org/three-full/-/three-full-6.0.0.tgz",
      "integrity": "sha512-zCa5SscRtTl1oeN3Gs6li/LcZBKFZLe+YpwQCcewGPcsSQ4HSjV9NOoOx3ih8UmNCKqzdI+t7n1xmFLT1zViFQ=="
    },
    "three-vrcontroller-module": {
      "version": "1.0.0",
      "resolved": "https://registry.npmjs.org/three-vrcontroller-module/-/three-vrcontroller-module-1.0.0.tgz",
      "integrity": "sha512-+CG2S+Fruj+vDqetpWMCsKFiidvgtnbHONfqb8/CIG/xBfg6hGpaKb7aX9FFoXPy9JlXI5utqwUd8U7jCKefIQ==",
      "requires": {
        "three-full": "6.0.0"
      }
    }
  }
}
