{
  "name": "vrb",
  "version": "1.1.17",
  "lockfileVersion": 1,
  "requires": true,
  "dependencies": {
    "@types/three": {
      "version": "0.93.8",
      "resolved": "https://registry.npmjs.org/@types/three/-/three-0.93.8.tgz",
      "integrity": "sha512-SZkk5w1NP6Y9m7Zg0eGOYFGPMJD8RzJTR7o+ScnF0Y5e5J4cNcIg5UZJtrDShhaic9ubYf6Xy1WP83qNM0OMzQ=="
    },
    "three-full": {
      "version": "6.0.0",
      "resolved": "https://registry.npmjs.org/three-full/-/three-full-6.0.0.tgz",
      "integrity": "sha512-zCa5SscRtTl1oeN3Gs6li/LcZBKFZLe+YpwQCcewGPcsSQ4HSjV9NOoOx3ih8UmNCKqzdI+t7n1xmFLT1zViFQ=="
    },
    "three-vrcontroller-module": {
      "version": "1.0.3",
      "resolved": "https://registry.npmjs.org/three-vrcontroller-module/-/three-vrcontroller-module-1.0.3.tgz",
      "integrity": "sha512-X9fnIt2ktADCUqvlrNxftYe4bxOuPtAwr24We5OeXbcgEuju1+wBD0oqhEyS4Y2HJ0MYy1Y5ioXZNL18SNDWTg==",
      "requires": {
        "three-full": "^6.0.0"
      }
    },
    "tsc": {
      "version": "1.20150623.0",
      "resolved": "https://registry.npmjs.org/tsc/-/tsc-1.20150623.0.tgz",
      "integrity": "sha1-Trw8d04WkUjLx2inNCUz8ILHpuU=",
      "dev": true
    },
    "typescript": {
      "version": "3.1.6",
      "resolved": "https://registry.npmjs.org/typescript/-/typescript-3.1.6.tgz",
      "integrity": "sha512-tDMYfVtvpb96msS1lDX9MEdHrW4yOuZ4Kdc4Him9oU796XldPYF/t2+uKoX0BBa0hXXwDlqYQbXY5Rzjzc5hBA==",
      "dev": true
    }
  }
}
