{
  "name": "vrb",
  "version": "1.1.27",
  "lockfileVersion": 1,
  "requires": true,
  "dependencies": {
    "@types/three": {
      "version": "0.93.13",
      "resolved": "https://registry.npmjs.org/@types/three/-/three-0.93.13.tgz",
      "integrity": "sha512-DPlMCir7A2iEviGK/t0gmcsWqTLDTLXOmZO4gwrl2kBnQe/n7PRxAFxrMBLxPlu6+RLDmKEf34lwC7OfvPy9wA=="
    },
    "cardboard-vr-display": {
      "version": "1.0.16",
      "resolved": "https://registry.npmjs.org/cardboard-vr-display/-/cardboard-vr-display-1.0.16.tgz",
      "integrity": "sha512-GFBWPMH/ixy4Ji014BAO1ryddGHphtJlA8gUR6UdKsOpPjUQukCKpgsx2XIJ5oBlqXnDQOcLVRqBWyuvTI32jQ==",
      "dev": true,
      "requires": {
        "gl-preserve-state": "^1.0.0",
        "nosleep.js": "^0.7.0",
        "webvr-polyfill-dpdb": "^1.0.11"
      }
    },
    "gl-preserve-state": {
      "version": "1.0.0",
      "resolved": "https://registry.npmjs.org/gl-preserve-state/-/gl-preserve-state-1.0.0.tgz",
      "integrity": "sha512-zQZ25l3haD4hvgJZ6C9+s0ebdkW9y+7U2qxvGu1uWOJh8a4RU+jURIKEQhf8elIlFpMH6CrAY2tH0mYrRjet3Q==",
      "dev": true
    },
    "nosleep.js": {
      "version": "0.7.0",
      "resolved": "https://registry.npmjs.org/nosleep.js/-/nosleep.js-0.7.0.tgz",
      "integrity": "sha1-z9kZwlUjyg0PSmn7MwXAg62u4ok=",
      "dev": true
    },
    "three": {
      "version": "0.99.0",
      "resolved": "https://registry.npmjs.org/three/-/three-0.99.0.tgz",
      "integrity": "sha512-DmNNq6H6nRGaqxScJ8x7v5VjdtDZR72oTVwDdKbB2BYNFxCkAoo9vdFAznEsMu9YzTV2yFvbVs7qHRzvJZzTIg=="
    },
    "three-orbitcontrols-ts": {
      "version": "0.1.2",
      "resolved": "https://registry.npmjs.org/three-orbitcontrols-ts/-/three-orbitcontrols-ts-0.1.2.tgz",
      "integrity": "sha1-IECVWQQCKuGcLpxS/9/0MWhlir0=",
      "requires": {
        "three": "^0.83.0"
      },
      "dependencies": {
        "three": {
          "version": "0.83.0",
          "resolved": "http://registry.npmjs.org/three/-/three-0.83.0.tgz",
          "integrity": "sha1-O3+UeQrz4CHawfRKJhdWnKIDKws="
        }
      }
    },
    "three-vrcontroller-module": {
      "version": "1.0.3",
      "resolved": "https://registry.npmjs.org/three-vrcontroller-module/-/three-vrcontroller-module-1.0.3.tgz",
      "integrity": "sha512-X9fnIt2ktADCUqvlrNxftYe4bxOuPtAwr24We5OeXbcgEuju1+wBD0oqhEyS4Y2HJ0MYy1Y5ioXZNL18SNDWTg==",
      "requires": {
        "three-full": "^6.0.0"
      },
      "dependencies": {
        "three-full": {
          "version": "6.0.0",
          "resolved": "http://registry.npmjs.org/three-full/-/three-full-6.0.0.tgz",
          "integrity": "sha512-zCa5SscRtTl1oeN3Gs6li/LcZBKFZLe+YpwQCcewGPcsSQ4HSjV9NOoOx3ih8UmNCKqzdI+t7n1xmFLT1zViFQ=="
        }
      }
    },
    "typescript": {
      "version": "3.2.2",
      "resolved": "https://registry.npmjs.org/typescript/-/typescript-3.2.2.tgz",
      "integrity": "sha512-VCj5UiSyHBjwfYacmDuc/NOk4QQixbE+Wn7MFJuS0nRuPQbof132Pw4u53dm264O8LPc2MVsc7RJNml5szurkg==",
      "dev": true
    },
    "webvr-polyfill": {
      "version": "0.10.10",
      "resolved": "https://registry.npmjs.org/webvr-polyfill/-/webvr-polyfill-0.10.10.tgz",
      "integrity": "sha512-WdKQ1XR9X2Gj9RUtmr+DajvWBWPva75m1rm0Z7CibR7ZstCm913zHYToxw0p/EK342wAxGfiWKsBmb3Jd5OO0w==",
      "dev": true,
      "requires": {
        "cardboard-vr-display": "^1.0.16"
      }
    },
    "webvr-polyfill-dpdb": {
      "version": "1.0.11",
      "resolved": "https://registry.npmjs.org/webvr-polyfill-dpdb/-/webvr-polyfill-dpdb-1.0.11.tgz",
      "integrity": "sha512-J07mf6xFkKIp5pcsPEhee3D1ddk/ACLrlTJ2/cQbH00Xc+dRam6cJJuj/cNTeX2Dn2txY49NhPh4K1ycg3BrZQ==",
      "dev": true
    }
  }
}
